
Microsoft Visual Studio Solution File, Format Version 12.00
# Visual Studio Version 17
VisualStudioVersion = 17.14.36221.1 d17.14
MinimumVisualStudioVersion = 10.0.40219.1
Project("{FAE04EC0-301F-11D3-BF4B-00C04F79EFBC}") = "BrawlerFriendly", "BrawlerFriendly.csproj", "{23013E40-4CD3-51D3-457A-45591163F085}"
EndProject
Global
	GlobalSection(SolutionConfigurationPlatforms) = preSolution
		Debug|Any CPU = Debug|Any CPU
		Release|Any CPU = Release|Any CPU
	EndGlobalSection
	GlobalSection(ProjectConfigurationPlatforms) = postSolution
		{23013E40-4CD3-51D3-457A-45591163F085}.Debug|Any CPU.ActiveCfg = Debug|Any CPU
		{23013E40-4CD3-51D3-457A-45591163F085}.Debug|Any CPU.Build.0 = Debug|Any CPU
		{23013E40-4CD3-51D3-457A-45591163F085}.Release|Any CPU.ActiveCfg = Release|Any CPU
		{23013E40-4CD3-51D3-457A-45591163F085}.Release|Any CPU.Build.0 = Release|Any CPU
	EndGlobalSection
	GlobalSection(SolutionProperties) = preSolution
		HideSolutionNode = FALSE
	EndGlobalSection
	GlobalSection(ExtensibilityGlobals) = postSolution
		SolutionGuid = {EB2DE77B-F044-4EA8-970B-70B91FA92954}
	EndGlobalSection
EndGlobal
